
Microsoft Visual Studio Solution File, Format Version 12.00
# Visual Studio 2012
Project("{E24C65DC-7377-472B-9ABA-BC803B73C61A}") = "SideWaffleWebsite(1)", "http://localhost:24113", "{07EE48A4-5FD3-4DCE-9BE0-2C57126691AD}"
	ProjectSection(WebsiteProperties) = preProject
		Frontpage = "false"
		UseIISExpress = "true"
		TargetFrameworkMoniker = ".NETFramework,Version%3Dv4.5"
		Debug.AspNetCompiler.VirtualPath = "/localhost_24113"
		Debug.AspNetCompiler.PhysicalPath = "SideWaffleWebsite\"
		Debug.AspNetCompiler.TargetPath = "PrecompiledWeb\localhost_24113\"
		Debug.AspNetCompiler.Updateable = "true"
		Debug.AspNetCompiler.ForceOverwrite = "true"
		Debug.AspNetCompiler.FixedNames = "false"
		Debug.AspNetCompiler.Debug = "True"
		Release.AspNetCompiler.VirtualPath = "/localhost_24113"
		Release.AspNetCompiler.PhysicalPath = "SideWaffleWebsite\"
		Release.AspNetCompiler.TargetPath = "PrecompiledWeb\localhost_24113\"
		Release.AspNetCompiler.Updateable = "true"
		Release.AspNetCompiler.ForceOverwrite = "true"
		Release.AspNetCompiler.FixedNames = "false"
		Release.AspNetCompiler.Debug = "False"
		SlnRelativePath = "SideWaffleWebsite\"
	EndProjectSection
EndProject
Global
	GlobalSection(SolutionConfigurationPlatforms) = preSolution
		Debug|Any CPU = Debug|Any CPU
	EndGlobalSection
	GlobalSection(ProjectConfigurationPlatforms) = postSolution
		{07EE48A4-5FD3-4DCE-9BE0-2C57126691AD}.Debug|Any CPU.ActiveCfg = Debug|Any CPU
		{07EE48A4-5FD3-4DCE-9BE0-2C57126691AD}.Debug|Any CPU.Build.0 = Debug|Any CPU
	EndGlobalSection
	GlobalSection(SolutionProperties) = preSolution
		HideSolutionNode = FALSE
	EndGlobalSection
EndGlobal
